#MicroXplorer Configuration settings - do not modify
Mcu.Family=STM32L4
ProjectManager.MainLocation=Core/Src
PCC.Series=STM32L4
STMicroelectronics.X-CUBE-AI.5.0.0.LatestDirectoryUsed-63c82beb61998634a735f68712cbd213a80bce6ad23e9336b7ea7baed19064a5=/Users/tian/Documents/ETH/MLonMCU/miniproject/model_cubeai
RCC.USART1Freq_Value=80000000
RCC.SAI1Freq_Value=4571428.571428572
RCC.CortexFreq_Value=80000000
ProjectManager.KeepUserCode=true
Mcu.UserName=STM32L475VGTx
STMicroelectronics.X-CUBE-AI.5.0.0.NNModelInformation_ModelOutSizeByName-63c82beb61998634a735f68712cbd213a80bce6ad23e9336b7ea7baed19064a5={softmax\=8}
PCC.Seq0.Step0.CPU_Frequency=80 MHz
PCC.Seq0.Step0.User's_Consumption=0 mA
STMicroelectronics.X-CUBE-AI.5.0.0.NNModelInformation_ModelRom-63c82beb61998634a735f68712cbd213a80bce6ad23e9336b7ea7baed19064a5=6344
RCC.PLLSAI1RoutputFreq_Value=16000000
STMicroelectronics.X-CUBE-AI.5.0.0.NNModelInformation_ModelInSizeByName-63c82beb61998634a735f68712cbd213a80bce6ad23e9336b7ea7baed19064a5={input_1\=8208}
ProjectManager.functionlistsort=1-MX_GPIO_Init-GPIO-false-HAL-true,2-SystemClock_Config-RCC-false-HAL-false,3-MX_CRC_Init-CRC-false-HAL-true,4-MX_USART1_UART_Init-USART1-true-HAL-false,5-MX_X_CUBE_AI_Init-STMicroelectronics.X-CUBE-AI.5.0.0-false-HAL-false,6-MX_X_CUBE_AI_Process-STMicroelectronics.X-CUBE-AI.5.0.0-false-HAL-false
RCC.USART2Freq_Value=80000000
USART1.IPParameters=VirtualMode-Asynchronous
PCC.Seq0.Step1.Duration=140.4 ms
PinOutPanel.RotationAngle=0
RCC.MCO1PinFreq_Value=80000000
RCC.SYSCLKSource=RCC_SYSCLKSOURCE_PLLCLK
ProjectManager.StackSize=0x800
STMicroelectronics.X-CUBE-AI.5.0.00.BSP.i2creg=
STMicroelectronics.X-CUBE-AI.5.0.0.StackSize=0x800
RCC.LPTIM1Freq_Value=80000000
RCC.I2C3Freq_Value=80000000
Mcu.IP4=USART1
RCC.FCLKCortexFreq_Value=80000000
NVIC.SVCall_IRQn=true\:0\:0\:false\:false\:true\:false\:false
Mcu.IP2=RCC
PCC.Seq0.Step1.Oscillator=ALL CLOCKS OFF
Mcu.IP3=SYS
Mcu.IP0=CRC
Mcu.IP1=NVIC
PCC.PartNumber=STM32L475VGTx
Mcu.UserConstants=
RCC.VCOSAI1OutputFreq_Value=32000000
STMicroelectronics.X-CUBE-AI.5.0.00.BSP.api=Unknown
RCC.SDMMCFreq_Value=16000000
Mcu.ThirdPartyNb=1
RCC.HCLKFreq_Value=80000000
STMicroelectronics.X-CUBE-AI.5.0.00.BSP.instance=USART1
Mcu.IPNb=5
ProjectManager.PreviousToolchain=
RCC.APB2TimFreq_Value=80000000
PB6.Signal=USART1_TX
PCC.Seq0.Step1.TaMax=105
PB6.Mode=Asynchronous
RCC.SAI2Freq_Value=4571428.571428572
STMicroelectronics.X-CUBE-AI.5.0.0.InternalRamActivationBufferMaxSize=AI_NETWORK_DATA_ACTIVATIONS_SIZE
PCC.Seq0.Step1.Category=In DS Table
RCC.AHBFreq_Value=80000000
Mcu.Pin0=PB6
Mcu.Pin1=PB7
Mcu.Pin2=VP_CRC_VS_CRC
STMicroelectronics.X-CUBE-AI.5.0.0.WorkingBufferStartAddrList=0xFFFFFFFF
Mcu.Pin3=VP_SYS_VS_Systick
RCC.USART3Freq_Value=80000000
Mcu.Pin4=VP_STMicroelectronics.X-CUBE-AI_VS_ArtificialOoIntelligenceJjXAaCUBEAaAI_5.0.0
Mcu.Pin5=VP_STMicroelectronics.X-CUBE-AI_VS_ArtificialOoIntelligenceJjApplication_5.0.0
ProjectManager.ProjectBuild=false
RCC.HSE_VALUE=8000000
NVIC.UsageFault_IRQn=true\:0\:0\:false\:false\:true\:false\:false
STMicroelectronics.X-CUBE-AI.5.0.0.NNModelInformation_NbOfParameters-63c82beb61998634a735f68712cbd213a80bce6ad23e9336b7ea7baed19064a5=1610
NVIC.DebugMonitor_IRQn=true\:0\:0\:false\:false\:true\:false\:false
PCC.Seq0.Step1.Vdd=3.0
PCC.Seq0.Step0.Voltage_Source=Battery
PCC.Seq0.Step0.DMIPS=100.0
NVIC.SysTick_IRQn=true\:0\:0\:false\:false\:true\:false\:true
ProjectManager.FirmwarePackage=STM32Cube FW_L4 V1.15.1
MxDb.Version=DB.5.0.60
Mcu.ThirdParty0=STMicroelectronics.X-CUBE-AI.5.0.0
ProjectManager.BackupPrevious=false
RCC.VCOInputFreq_Value=4000000
STMicroelectronics.X-CUBE-AI.5.0.00.BSP.condition=\!SEMArtificialOoIntelligenceJjApplicationJjApplicationTemplate
STMicroelectronics.X-CUBE-AI.5.0.00.BSP.component=
File.Version=6
STMicroelectronics.X-CUBE-AI.5.0.00.BSP.ip=USART
PB7.Signal=USART1_RX
RCC.PLLRCLKFreq_Value=80000000
PB6.Locked=true
NVIC.PendSV_IRQn=true\:0\:0\:false\:false\:true\:false\:false
STMicroelectronics.X-CUBE-AI.5.0.0.ModelName-63c82beb61998634a735f68712cbd213a80bce6ad23e9336b7ea7baed19064a5=network
ProjectManager.HalAssertFull=false
ProjectManager.ProjectName=validation
PCC.Seq0.Step0.Oscillator=HSE PLL
STMicroelectronics.X-CUBE-AI.5.0.0.MaximumNumberOfInputLayer=1
Mcu.Package=LQFP100
STMicroelectronics.X-CUBE-AI.5.0.0.MaximumSizeOfInputLayer=8208
ProjectManager.ToolChainLocation=
RCC.LSI_VALUE=32000
PCC.Seq0.Step1.Average_Current=1.18 \u00B5A
VP_SYS_VS_Systick.Signal=SYS_VS_Systick
RCC.LSCOPinFreq_Value=32000
STMicroelectronics.X-CUBE-AI.5.0.0.ArtificialOoIntelligenceJjXAaCUBEAaAI_Checked=true
RCC.DFSDMFreq_Value=80000000
PCC.Checker=true
STMicroelectronics.X-CUBE-AI.5.0.0.ArtificialOoIntelligenceJjApplication_Checked=true
PCC.Seq0.Step0.Duration=15.6 ms
PCC.Seq0.Step1.DMIPS=0.0
STMicroelectronics.X-CUBE-AI.5.0.0.IPParameters=HeapSize,StackSize,XAaCUBEAaAICcArtificialOoIntelligenceJjCore,ApplicationCcArtificialOoIntelligenceJjApplication,ModelName-63c82beb61998634a735f68712cbd213a80bce6ad23e9336b7ea7baed19064a5,ModelHashList,ModelNameList,WorkingBufferStartAddrList,ModelType-63c82beb61998634a735f68712cbd213a80bce6ad23e9336b7ea7baed19064a5,ModelKind-63c82beb61998634a735f68712cbd213a80bce6ad23e9336b7ea7baed19064a5,LatestDirectoryUsed-63c82beb61998634a735f68712cbd213a80bce6ad23e9336b7ea7baed19064a5,ModelFlashOccupation-63c82beb61998634a735f68712cbd213a80bce6ad23e9336b7ea7baed19064a5,ModelRamOccupation-63c82beb61998634a735f68712cbd213a80bce6ad23e9336b7ea7baed19064a5,ModelMacc-63c82beb61998634a735f68712cbd213a80bce6ad23e9336b7ea7baed19064a5,ModelActualCompression-63c82beb61998634a735f68712cbd213a80bce6ad23e9336b7ea7baed19064a5,NNModelInformation_AchievedCompression-63c82beb61998634a735f68712cbd213a80bce6ad23e9336b7ea7baed19064a5,NNModelInformation_CompressionFactor-63c82beb61998634a735f68712cbd213a80bce6ad23e9336b7ea7baed19064a5,NNModelInformation_HeapSizeNeeded-63c82beb61998634a735f68712cbd213a80bce6ad23e9336b7ea7baed19064a5,NNModelInformation_ModelInSizeByName-63c82beb61998634a735f68712cbd213a80bce6ad23e9336b7ea7baed19064a5,NNModelInformation_ModelMacc-63c82beb61998634a735f68712cbd213a80bce6ad23e9336b7ea7baed19064a5,NNModelInformation_ModelName-63c82beb61998634a735f68712cbd213a80bce6ad23e9336b7ea7baed19064a5,NNModelInformation_ModelOutSizeByName-63c82beb61998634a735f68712cbd213a80bce6ad23e9336b7ea7baed19064a5,NNModelInformation_ModelRam-63c82beb61998634a735f68712cbd213a80bce6ad23e9336b7ea7baed19064a5,NNModelInformation_ModelRom-63c82beb61998634a735f68712cbd213a80bce6ad23e9336b7ea7baed19064a5,NNModelInformation_ModelSize-63c82beb61998634a735f68712cbd213a80bce6ad23e9336b7ea7baed19064a5,NNModelInformation_NbOfParameters-63c82beb61998634a735f68712cbd213a80bce6ad23e9336b7ea7baed19064a5,ActivationBufferSizeList,MaximumNumberOfInputLayer,MaximumNumberOfOutputLayer,ModelCompression-63c82beb61998634a735f68712cbd213a80bce6ad23e9336b7ea7baed19064a5,ValidationInputFileHistory-63c82beb61998634a735f68712cbd213a80bce6ad23e9336b7ea7baed19064a5,ValidationOutputFileHistory-63c82beb61998634a735f68712cbd213a80bce6ad23e9336b7ea7baed19064a5,ValidationOutputFile-63c82beb61998634a735f68712cbd213a80bce6ad23e9336b7ea7baed19064a5,NNModelInformation_EvaluationStatus-63c82beb61998634a735f68712cbd213a80bce6ad23e9336b7ea7baed19064a5,InternalRamActivationBufferMaxSize,MaximumSizeOfInputLayer,MaximumSizeOfOutputLayer,ModelStructureFile-63c82beb61998634a735f68712cbd213a80bce6ad23e9336b7ea7baed19064a5,ValidationInputFile-63c82beb61998634a735f68712cbd213a80bce6ad23e9336b7ea7baed19064a5
RCC.PLLPoutputFreq_Value=22857142.85714286
RCC.APB1TimFreq_Value=80000000
NVIC.BusFault_IRQn=true\:0\:0\:false\:false\:true\:false\:false
RCC.LPUART1Freq_Value=80000000
STMicroelectronics.X-CUBE-AI.5.0.0.NNModelInformation_ModelMacc-63c82beb61998634a735f68712cbd213a80bce6ad23e9336b7ea7baed19064a5=761862
STMicroelectronics.X-CUBE-AI.5.0.00.BSP.i2caddr=0
PCC.Seq0.Step0.Peripherals=
STMicroelectronics.X-CUBE-AI.5.0.0.MaximumSizeOfOutputLayer=8
STMicroelectronics.X-CUBE-AI.5.0.0_SwParameter=XAaCUBEAaAICcArtificialOoIntelligenceJjCore\:true;ApplicationCcArtificialOoIntelligenceJjApplication\:Validation;
STMicroelectronics.X-CUBE-AI.5.0.0.NNModelInformation_AchievedCompression-63c82beb61998634a735f68712cbd213a80bce6ad23e9336b7ea7baed19064a5=0.0
PCC.Seq0.Step1.Mode=STOP2
STMicroelectronics.X-CUBE-AI.5.0.0.NNModelInformation_ModelRam-63c82beb61998634a735f68712cbd213a80bce6ad23e9336b7ea7baed19064a5=70272
ProjectManager.CustomerFirmwarePackage=
STMicroelectronics.X-CUBE-AI.5.0.00.BSP.mode=Asynchronous
PCC.Seq0.Step1.CPU_Frequency=0 Hz
PCC.Seq0.Step1.Memory=n/a
RCC.MSI_VALUE=4000000
STMicroelectronics.X-CUBE-AI.5.0.0.NNModelInformation_HeapSizeNeeded-63c82beb61998634a735f68712cbd213a80bce6ad23e9336b7ea7baed19064a5=2048
PCC.Seq0.Step0.Category=In DS Table
STMicroelectronics.X-CUBE-AI.5.0.0.NNModelInformation_CompressionFactor-63c82beb61998634a735f68712cbd213a80bce6ad23e9336b7ea7baed19064a5=-0.014906832298136646
STMicroelectronics.X-CUBE-AI.5.0.0.ModelCompression-63c82beb61998634a735f68712cbd213a80bce6ad23e9336b7ea7baed19064a5=1
RCC.PLLQoutputFreq_Value=80000000
ProjectManager.ProjectFileName=validation.ioc
STMicroelectronics.X-CUBE-AI.5.0.0.HeapSize=0x800
Mcu.PinsNb=6
PCC.Seq0.Step0.Average_Current=10.7 mA
PCC.Vdd=3.0
ProjectManager.NoMain=false
STMicroelectronics.X-CUBE-AI.5.0.00.BSP.solution=USART1
STMicroelectronics.X-CUBE-AI.5.0.0.ValidationOutputFileHistory-63c82beb61998634a735f68712cbd213a80bce6ad23e9336b7ea7baed19064a5=/Users/tian/Documents/ETH/MLonMCU/miniproject/data_cubeai/2class_mm_intra_ytest_split1.npy
STMicroelectronics.X-CUBE-AI.5.0.0.MaximumNumberOfOutputLayer=1
RCC.SWPMI1Freq_Value=80000000
STMicroelectronics.X-CUBE-AI.5.0.00.BSP.semaphore=
STMicroelectronics.X-CUBE-AI.5.0.00.BSP.STBoard=false
STMicroelectronics.X-CUBE-AI.5.0.0.XAaCUBEAaAICcArtificialOoIntelligenceJjCore=true
ProjectManager.DefaultFWLocation=true
ProjectManager.DeletePrevious=true
PCC.Line=STM32L4x5
RCC.VCOSAI2OutputFreq_Value=32000000
STMicroelectronics.X-CUBE-AI.5.0.0.ValidationInputFileHistory-63c82beb61998634a735f68712cbd213a80bce6ad23e9336b7ea7baed19064a5=/Users/tian/Documents/ETH/MLonMCU/miniproject/data_cubeai/2class_mm_intra_xtest_split1.npy,/Users/tian/Documents/ETH/MLonMCU/miniproject/data_cubeai/2class_mm_intra_xtest_split1.npy,/Users/tian/Documents/ETH/MLonMCU/miniproject/data_cubeai/2class_mm_intra_xtest_split1.npy
VP_STMicroelectronics.X-CUBE-AI_VS_ArtificialOoIntelligenceJjXAaCUBEAaAI_5.0.0.Mode=ArtificialOoIntelligenceJjXAaCUBEAaAI
VP_STMicroelectronics.X-CUBE-AI_VS_ArtificialOoIntelligenceJjApplication_5.0.0.Signal=STMicroelectronics.X-CUBE-AI_VS_ArtificialOoIntelligenceJjApplication_5.0.0
RCC.FamilyName=M
STMicroelectronics.X-CUBE-AI.5.0.0.NNModelInformation_EvaluationStatus-63c82beb61998634a735f68712cbd213a80bce6ad23e9336b7ea7baed19064a5=stm32 C-model \#1\: acc\=90.5%,rmse\=0.270344,mae\=0.175323;original model \#1\: acc\=90.5%,rmse\=0.270344,mae\=0.175323;X-cross \#1\: acc\=100.0%,rmse\=0.000000,mae\=0.000000;L2r status\: l2r\=8.56398472e-08,status\=PASSED;
STMicroelectronics.X-CUBE-AI.5.0.0.BSP.number=1
USART1.VirtualMode-Asynchronous=VM_ASYNC
PCC.Seq0.Step0.TaMax=103.65
PCC.MCU=STM32L475V(C-E-G)Tx
STMicroelectronics.X-CUBE-AI.5.0.0.ModelType-63c82beb61998634a735f68712cbd213a80bce6ad23e9336b7ea7baed19064a5=Saved model
ProjectManager.TargetToolchain=STM32CubeIDE
PCC.Seq0.Step1.User's_Consumption=0 mA
VP_CRC_VS_CRC.Signal=CRC_VS_CRC
STMicroelectronics.X-CUBE-AI.5.0.0.ValidationOutputFile-63c82beb61998634a735f68712cbd213a80bce6ad23e9336b7ea7baed19064a5=/Users/tian/Documents/ETH/MLonMCU/miniproject/data_cubeai/2class_mm_intra_ytest_split1.npy
PCC.Seq0.Step0.Mode=RUN
VP_STMicroelectronics.X-CUBE-AI_VS_ArtificialOoIntelligenceJjXAaCUBEAaAI_5.0.0.Signal=STMicroelectronics.X-CUBE-AI_VS_ArtificialOoIntelligenceJjXAaCUBEAaAI_5.0.0
STMicroelectronics.X-CUBE-AI.5.0.0.ApplicationCcArtificialOoIntelligenceJjApplication=Validation
STMicroelectronics.X-CUBE-AI.5.0.0.NNModelInformation_ModelName-63c82beb61998634a735f68712cbd213a80bce6ad23e9336b7ea7baed19064a5=network
RCC.USBFreq_Value=16000000
RCC.LSE_VALUE=32768
RCC.PLLSAI1PoutputFreq_Value=4571428.571428572
RCC.PLLSAI2RoutputFreq_Value=16000000
board=custom
PCC.Temperature=25
RCC.VCOOutputFreq_Value=160000000
ProjectManager.LastFirmware=true
RCC.APB2Freq_Value=80000000
RCC.UART4Freq_Value=80000000
PCC.Seq0.Step0.Frequency=4 MHz
PCC.Seq0.Step0.Vcore=Range1-High
MxCube.Version=5.6.1
STMicroelectronics.X-CUBE-AI.5.0.0.ModelActualCompression-63c82beb61998634a735f68712cbd213a80bce6ad23e9336b7ea7baed19064a5=0.0
RCC.I2C1Freq_Value=80000000
STMicroelectronics.X-CUBE-AI.5.0.0.ModelMacc-63c82beb61998634a735f68712cbd213a80bce6ad23e9336b7ea7baed19064a5=761862
RCC.RNGFreq_Value=16000000
RCC.PLLSAI1QoutputFreq_Value=16000000
RCC.ADCFreq_Value=16000000
VP_SYS_VS_Systick.Mode=SysTick
NVIC.NonMaskableInt_IRQn=true\:0\:0\:false\:false\:true\:false\:false
STMicroelectronics.X-CUBE-AI.5.0.0.ActivationBufferSizeList=70272
STMicroelectronics.X-CUBE-AI.5.0.0.ValidationInputFile-63c82beb61998634a735f68712cbd213a80bce6ad23e9336b7ea7baed19064a5=/Users/tian/Documents/ETH/MLonMCU/miniproject/data_cubeai/2class_mm_intra_xtest_split1.npy
RCC.UART5Freq_Value=80000000
ProjectManager.FreePins=false
RCC.IPParameters=ADCFreq_Value,AHBFreq_Value,APB1Freq_Value,APB1TimFreq_Value,APB2Freq_Value,APB2TimFreq_Value,CortexFreq_Value,DFSDMFreq_Value,FCLKCortexFreq_Value,FamilyName,HCLKFreq_Value,HSE_VALUE,HSI_VALUE,I2C1Freq_Value,I2C2Freq_Value,I2C3Freq_Value,LPTIM1Freq_Value,LPTIM2Freq_Value,LPUART1Freq_Value,LSCOPinFreq_Value,LSE_VALUE,LSI_VALUE,MCO1PinFreq_Value,MSI_VALUE,PLLN,PLLPoutputFreq_Value,PLLQoutputFreq_Value,PLLRCLKFreq_Value,PLLSAI1PoutputFreq_Value,PLLSAI1QoutputFreq_Value,PLLSAI1RoutputFreq_Value,PLLSAI2PoutputFreq_Value,PLLSAI2RoutputFreq_Value,PWRFreq_Value,RNGFreq_Value,SAI1Freq_Value,SAI2Freq_Value,SDMMCFreq_Value,SWPMI1Freq_Value,SYSCLKFreq_VALUE,SYSCLKSource,UART4Freq_Value,UART5Freq_Value,USART1Freq_Value,USART2Freq_Value,USART3Freq_Value,USBFreq_Value,VCOInputFreq_Value,VCOOutputFreq_Value,VCOSAI1OutputFreq_Value,VCOSAI2OutputFreq_Value
ProjectManager.AskForMigrate=true
Mcu.Name=STM32L475V(C-E-G)Tx
RCC.LPTIM2Freq_Value=80000000
STMicroelectronics.X-CUBE-AI.5.0.0.ModelKind-63c82beb61998634a735f68712cbd213a80bce6ad23e9336b7ea7baed19064a5=KERAS
ProjectManager.UnderRoot=true
STMicroelectronics.X-CUBE-AI.5.0.0.ModelFlashOccupation-63c82beb61998634a735f68712cbd213a80bce6ad23e9336b7ea7baed19064a5=6344
STMicroelectronics.X-CUBE-AI.5.0.0.NNModelInformation_ModelSize-63c82beb61998634a735f68712cbd213a80bce6ad23e9336b7ea7baed19064a5=6440
ProjectManager.CoupleFile=false
PCC.Seq0.Step0.Memory=SRAM2
RCC.SYSCLKFreq_VALUE=80000000
STMicroelectronics.X-CUBE-AI.5.0.0.ModelRamOccupation-63c82beb61998634a735f68712cbd213a80bce6ad23e9336b7ea7baed19064a5=70272
NVIC.ForceEnableDMAVector=true
RCC.PLLSAI2PoutputFreq_Value=4571428.571428572
KeepUserPlacement=false
STMicroelectronics.X-CUBE-AI.5.0.00.BSP.name=COM Port
NVIC.MemoryManagement_IRQn=true\:0\:0\:false\:false\:true\:false\:false
ProjectManager.CompilerOptimize=6
PB7.Mode=Asynchronous
ProjectManager.HeapSize=0x800
NVIC.HardFault_IRQn=true\:0\:0\:false\:false\:true\:false\:false
ProjectManager.ComputerToolchain=false
RCC.HSI_VALUE=16000000
PCC.Seq0.Step1.Frequency=0 Hz
VP_STMicroelectronics.X-CUBE-AI_VS_ArtificialOoIntelligenceJjApplication_5.0.0.Mode=ArtificialOoIntelligenceJjApplication
STMicroelectronics.X-CUBE-AI.5.0.0.ModelStructureFile-63c82beb61998634a735f68712cbd213a80bce6ad23e9336b7ea7baed19064a5=/Users/tian/Documents/ETH/MLonMCU/miniproject/model_cubeai/global_class_2_ds3_nch38_T1_split_1_v1.h5
NVIC.PriorityGroup=NVIC_PRIORITYGROUP_4
STMicroelectronics.X-CUBE-AI.5.0.0.ModelHashList=63c82beb61998634a735f68712cbd213a80bce6ad23e9336b7ea7baed19064a5
RCC.PLLN=40
PB7.Locked=true
PCC.Seq0.Step1.Peripherals=
RCC.PWRFreq_Value=80000000
PCC.Seq0.Step1.Vcore=NoRange
PCC.Seq0.Step1.Voltage_Source=Battery
PCC.Seq0.Step0.Vdd=3.0
PCC.Seq0=2
RCC.I2C2Freq_Value=80000000
RCC.APB1Freq_Value=80000000
VP_CRC_VS_CRC.Mode=CRC_Activate
ProjectManager.DeviceId=STM32L475VGTx
ProjectManager.LibraryCopy=1
STMicroelectronics.X-CUBE-AI.5.0.0.ModelNameList=network
isbadioc=false
